<?xml version="1.0" encoding="utf-8"?>
<Project ToolsVersion="4.0" xmlns="http://schemas.microsoft.com/developer/msbuild/2003">
  <ItemGroup>
    <Filter Include="Source Files">
      <UniqueIdentifier>{FACD17A3-A916-4FE4-BA9E-0F9EE23DBBF9}</UniqueIdentifier>
      <Extensions>cpp;c;cc;cxx;c++;cppm;ixx;def;odl;idl;hpj;bat;asm;asmx</Extensions>
    </Filter>
    <Filter Include="Header Files">
      <UniqueIdentifier>{E9A66245-0AB1-4238-AB46-1B47571906C9}</UniqueIdentifier>
      <Extensions>h;hh;hpp;hxx;h++;hm;inl;inc;ipp;xsd</Extensions>
    </Filter>
    <Filter Include="Resource Files">
      <UniqueIdentifier>{2713B4E4-0799-425E-A68A-29EDC7A63628}</UniqueIdentifier>
      <Extensions>rc;ico;cur;bmp;dlg;rc2;rct;bin;rgs;gif;jpg;jpeg;jpe;resx;tiff;tif;png;wav;mfcribbon-ms</Extensions>
    </Filter>
  </ItemGroup>
  <ItemGroup>
    <None Include="imgui.ini" />
  </ItemGroup>
  <ItemGroup>
    <ClInclude Include="nuklear_d3d11.h">
      <Filter>Header Files</Filter>
    </ClInclude>
    <ClInclude Include="offsets.h">
      <Filter>Header Files</Filter>
    </ClInclude>
    <ClInclude Include="Vector.hpp">
      <Filter>Header Files</Filter>
    </ClInclude>
    <ClInclude Include="vector3.h">
      <Filter>Header Files</Filter>
    </ClInclude>
    <ClInclude Include="VMatrix.hpp">
      <Filter>Header Files</Filter>
    </ClInclude>
    <ClInclude Include="Driver &amp; Injector\Clean.h">
      <Filter>Header Files</Filter>
    </ClInclude>
    <ClInclude Include="Driver &amp; Injector\Dependencies.h">
      <Filter>Header Files</Filter>
    </ClInclude>
    <ClInclude Include="Driver &amp; Injector\Helpers.h">
      <Filter>Header Files</Filter>
    </ClInclude>
    <ClInclude Include="Driver &amp; Injector\Memory.h">
      <Filter>Header Files</Filter>
    </ClInclude>
  </ItemGroup>
  <ItemGroup>
    <ClCompile Include="Vector2D.cpp">
      <Filter>Source Files</Filter>
    </ClCompile>
    <ClCompile Include="Vector4D.cpp">
      <Filter>Source Files</Filter>
    </ClCompile>
    <ClCompile Include="zenti.cpp">
      <Filter>Source Files</Filter>
    </ClCompile>
    <ClCompile Include="Driver &amp; Injector\Clean.c">
      <Filter>Source Files</Filter>
    </ClCompile>
    <ClCompile Include="Driver &amp; Injector\Main.c">
      <Filter>Source Files</Filter>
    </ClCompile>
    <ClCompile Include="Driver &amp; Injector\Memory.c">
      <Filter>Source Files</Filter>
    </ClCompile>
  </ItemGroup>
</Project>